
Microsoft Visual Studio Solution File, Format Version 12.00
# Visual Studio Version 17
VisualStudioVersion = 17.2.32616.157
MinimumVisualStudioVersion = 10.0.40219.1
Project("{9A19103F-16F7-4668-BE54-9A1E7A4F7556}") = "mcc", "mcc\mcc.csproj", "{C1ED69C6-07A3-4592-8A2F-C9D88847C5F4}"
EndProject
Project("{2150E333-8FDC-42A3-9474-1A3956D46DE8}") = "Projektmappenelemente", "Projektmappenelemente", "{E7FC35B2-01C8-46C9-BBB6-C7B72BFA6ED0}"
	ProjectSection(SolutionItems) = preProject
		README.md = README.md
	EndProjectSection
EndProject
Project("{FAE04EC0-301F-11D3-BF4B-00C04F79EFBC}") = "mcc.Test", "mcc.Test\mcc.Test.csproj", "{09F178AC-1A69-4A00-8112-4E2F9C00227A}"
EndProject
Global
	GlobalSection(SolutionConfigurationPlatforms) = preSolution
		Debug|Any CPU = Debug|Any CPU
		Release|Any CPU = Release|Any CPU
	EndGlobalSection
	GlobalSection(ProjectConfigurationPlatforms) = postSolution
		{C1ED69C6-07A3-4592-8A2F-C9D88847C5F4}.Debug|Any CPU.ActiveCfg = Debug|Any CPU
		{C1ED69C6-07A3-4592-8A2F-C9D88847C5F4}.Debug|Any CPU.Build.0 = Debug|Any CPU
		{C1ED69C6-07A3-4592-8A2F-C9D88847C5F4}.Release|Any CPU.ActiveCfg = Release|Any CPU
		{C1ED69C6-07A3-4592-8A2F-C9D88847C5F4}.Release|Any CPU.Build.0 = Release|Any CPU
		{09F178AC-1A69-4A00-8112-4E2F9C00227A}.Debug|Any CPU.ActiveCfg = Debug|Any CPU
		{09F178AC-1A69-4A00-8112-4E2F9C00227A}.Debug|Any CPU.Build.0 = Debug|Any CPU
		{09F178AC-1A69-4A00-8112-4E2F9C00227A}.Release|Any CPU.ActiveCfg = Release|Any CPU
		{09F178AC-1A69-4A00-8112-4E2F9C00227A}.Release|Any CPU.Build.0 = Release|Any CPU
	EndGlobalSection
	GlobalSection(SolutionProperties) = preSolution
		HideSolutionNode = FALSE
	EndGlobalSection
	GlobalSection(ExtensibilityGlobals) = postSolution
		SolutionGuid = {E0A13509-B29D-4B6F-B62D-CE7E0468B35E}
	EndGlobalSection
EndGlobal
